
Microsoft Visual Studio Solution File, Format Version 12.00
# Visual Studio Version 16
VisualStudioVersion = 16.0.31402.337
MinimumVisualStudioVersion = 10.0.40219.1
Project("{FAE04EC0-301F-11D3-BF4B-00C04F79EFBC}") = "SimpleLogin", "SimpleLogin\SimpleLogin.csproj", "{F77D69EE-804B-42DD-9CB1-169DEA503C7A}"
EndProject
Global
	GlobalSection(SolutionConfigurationPlatforms) = preSolution
		Debug|Any CPU = Debug|Any CPU
		Release|Any CPU = Release|Any CPU
	EndGlobalSection
	GlobalSection(ProjectConfigurationPlatforms) = postSolution
		{F77D69EE-804B-42DD-9CB1-169DEA503C7A}.Debug|Any CPU.ActiveCfg = Debug|Any CPU
		{F77D69EE-804B-42DD-9CB1-169DEA503C7A}.Debug|Any CPU.Build.0 = Debug|Any CPU
		{F77D69EE-804B-42DD-9CB1-169DEA503C7A}.Release|Any CPU.ActiveCfg = Release|Any CPU
		{F77D69EE-804B-42DD-9CB1-169DEA503C7A}.Release|Any CPU.Build.0 = Release|Any CPU
	EndGlobalSection
	GlobalSection(SolutionProperties) = preSolution
		HideSolutionNode = FALSE
	EndGlobalSection
	GlobalSection(ExtensibilityGlobals) = postSolution
		SolutionGuid = {0CD592FE-98DB-48B1-A60F-F69143F0937D}
	EndGlobalSection
EndGlobal
